
Microsoft Visual Studio Solution File, Format Version 12.00
# Visual Studio Version 16
VisualStudioVersion = 16.0.31019.35
MinimumVisualStudioVersion = 10.0.40219.1
Project("{FAE04EC0-301F-11D3-BF4B-00C04F79EFBC}") = "CoreBlog.Api", "CoreBlog.Api\CoreBlog.Api.csproj", "{B328A4C1-5BA0-4D58-B837-22909D3A5520}"
EndProject
Global
	GlobalSection(SolutionConfigurationPlatforms) = preSolution
		Debug|Any CPU = Debug|Any CPU
		Release|Any CPU = Release|Any CPU
	EndGlobalSection
	GlobalSection(ProjectConfigurationPlatforms) = postSolution
		{B328A4C1-5BA0-4D58-B837-22909D3A5520}.Debug|Any CPU.ActiveCfg = Debug|Any CPU
		{B328A4C1-5BA0-4D58-B837-22909D3A5520}.Debug|Any CPU.Build.0 = Debug|Any CPU
		{B328A4C1-5BA0-4D58-B837-22909D3A5520}.Release|Any CPU.ActiveCfg = Release|Any CPU
		{B328A4C1-5BA0-4D58-B837-22909D3A5520}.Release|Any CPU.Build.0 = Release|Any CPU
	EndGlobalSection
	GlobalSection(SolutionProperties) = preSolution
		HideSolutionNode = FALSE
	EndGlobalSection
	GlobalSection(ExtensibilityGlobals) = postSolution
		SolutionGuid = {7C9DFD27-A1C0-4AEF-8FB0-6D1BD6BF303F}
	EndGlobalSection
EndGlobal
