
Microsoft Visual Studio Solution File, Format Version 12.00
# Visual Studio Version 16
VisualStudioVersion = 16.0.31019.35
MinimumVisualStudioVersion = 10.0.40219.1
Project("{2150E333-8FDC-42A3-9474-1A3956D46DE8}") = "1.Core", "1.Core", "{C1C316E9-3606-4AE6-AFE4-13DE09B30C6F}"
EndProject
Project("{2150E333-8FDC-42A3-9474-1A3956D46DE8}") = "2.Repositroy", "2.Repositroy", "{D1FD3E78-8607-4340-B504-2CDA9B54ADDA}"
EndProject
Project("{2150E333-8FDC-42A3-9474-1A3956D46DE8}") = "3.Services", "3.Services", "{AA9EDA9D-FB83-4835-9553-AD1B9CFAAC75}"
EndProject
Project("{2150E333-8FDC-42A3-9474-1A3956D46DE8}") = "4.Entity", "4.Entity", "{8DA11766-CAAD-4EDE-B73A-2E413D10E31B}"
EndProject
Project("{2150E333-8FDC-42A3-9474-1A3956D46DE8}") = "5.App", "5.App", "{DFD259D5-0F32-40C9-805E-976D4542EDEB}"
EndProject
Project("{2150E333-8FDC-42A3-9474-1A3956D46DE8}") = "6.Library", "6.Library", "{F5412941-D130-470E-AFF1-69ACD54F599C}"
EndProject
Project("{9A19103F-16F7-4668-BE54-9A1E7A4F7556}") = "CoreBlog.Api", "5.App\CoreBlog.Api\CoreBlog.Api.csproj", "{F3A72830-CFC2-4FB0-99BC-608D99795C07}"
EndProject
Project("{FAE04EC0-301F-11D3-BF4B-00C04F79EFBC}") = "CoreBlog.Model", "4.Entity\CoreBlog.Model\CoreBlog.Model.csproj", "{A61CE8D5-FA96-496A-9911-90D2328CA6E6}"
EndProject
Project("{FAE04EC0-301F-11D3-BF4B-00C04F79EFBC}") = "CoreBlog.IRepository", "2.Repository\CoreBlog.IRepository\CoreBlog.IRepository.csproj", "{C4DF5825-EA9B-42D1-B51C-29B28D961F33}"
EndProject
Project("{FAE04EC0-301F-11D3-BF4B-00C04F79EFBC}") = "CoreBlog.Repository", "2.Repository\CoreBlog.Repository\CoreBlog.Repository.csproj", "{5EDB5556-DADF-445C-B980-2AC82C45E75F}"
EndProject
Project("{FAE04EC0-301F-11D3-BF4B-00C04F79EFBC}") = "CoreBlog.Services", "3.Services\CoreBlog.Services\CoreBlog.Services.csproj", "{54997C9F-BD18-465E-A8D6-9138C0745FAA}"
EndProject
Project("{9A19103F-16F7-4668-BE54-9A1E7A4F7556}") = "CoreBlog.IServices", "3.Services\CoreBlog.IServices\CoreBlog.IServices.csproj", "{45413491-EB6E-4810-936D-EF669B17E06D}"
EndProject
Project("{FAE04EC0-301F-11D3-BF4B-00C04F79EFBC}") = "CoreBlog.Common", "1.Core\CoreBlog.Common\CoreBlog.Common.csproj", "{AE50A2E4-107E-4635-9B1B-541566884BEB}"
EndProject
Project("{FAE04EC0-301F-11D3-BF4B-00C04F79EFBC}") = "CoreBlog.Extensions", "1.Core\CoreBlog.Extensions\CoreBlog.Extensions.csproj", "{C881B450-1444-48CA-A3C1-AB71E5996D53}"
EndProject
Global
	GlobalSection(SolutionConfigurationPlatforms) = preSolution
		Debug|Any CPU = Debug|Any CPU
		Release|Any CPU = Release|Any CPU
	EndGlobalSection
	GlobalSection(ProjectConfigurationPlatforms) = postSolution
		{F3A72830-CFC2-4FB0-99BC-608D99795C07}.Debug|Any CPU.ActiveCfg = Debug|Any CPU
		{F3A72830-CFC2-4FB0-99BC-608D99795C07}.Debug|Any CPU.Build.0 = Debug|Any CPU
		{F3A72830-CFC2-4FB0-99BC-608D99795C07}.Release|Any CPU.ActiveCfg = Release|Any CPU
		{F3A72830-CFC2-4FB0-99BC-608D99795C07}.Release|Any CPU.Build.0 = Release|Any CPU
		{A61CE8D5-FA96-496A-9911-90D2328CA6E6}.Debug|Any CPU.ActiveCfg = Debug|Any CPU
		{A61CE8D5-FA96-496A-9911-90D2328CA6E6}.Debug|Any CPU.Build.0 = Debug|Any CPU
		{A61CE8D5-FA96-496A-9911-90D2328CA6E6}.Release|Any CPU.ActiveCfg = Release|Any CPU
		{A61CE8D5-FA96-496A-9911-90D2328CA6E6}.Release|Any CPU.Build.0 = Release|Any CPU
		{C4DF5825-EA9B-42D1-B51C-29B28D961F33}.Debug|Any CPU.ActiveCfg = Debug|Any CPU
		{C4DF5825-EA9B-42D1-B51C-29B28D961F33}.Debug|Any CPU.Build.0 = Debug|Any CPU
		{C4DF5825-EA9B-42D1-B51C-29B28D961F33}.Release|Any CPU.ActiveCfg = Release|Any CPU
		{C4DF5825-EA9B-42D1-B51C-29B28D961F33}.Release|Any CPU.Build.0 = Release|Any CPU
		{5EDB5556-DADF-445C-B980-2AC82C45E75F}.Debug|Any CPU.ActiveCfg = Debug|Any CPU
		{5EDB5556-DADF-445C-B980-2AC82C45E75F}.Debug|Any CPU.Build.0 = Debug|Any CPU
		{5EDB5556-DADF-445C-B980-2AC82C45E75F}.Release|Any CPU.ActiveCfg = Release|Any CPU
		{5EDB5556-DADF-445C-B980-2AC82C45E75F}.Release|Any CPU.Build.0 = Release|Any CPU
		{54997C9F-BD18-465E-A8D6-9138C0745FAA}.Debug|Any CPU.ActiveCfg = Debug|Any CPU
		{54997C9F-BD18-465E-A8D6-9138C0745FAA}.Debug|Any CPU.Build.0 = Debug|Any CPU
		{54997C9F-BD18-465E-A8D6-9138C0745FAA}.Release|Any CPU.ActiveCfg = Release|Any CPU
		{54997C9F-BD18-465E-A8D6-9138C0745FAA}.Release|Any CPU.Build.0 = Release|Any CPU
		{45413491-EB6E-4810-936D-EF669B17E06D}.Debug|Any CPU.ActiveCfg = Debug|Any CPU
		{45413491-EB6E-4810-936D-EF669B17E06D}.Debug|Any CPU.Build.0 = Debug|Any CPU
		{45413491-EB6E-4810-936D-EF669B17E06D}.Release|Any CPU.ActiveCfg = Release|Any CPU
		{45413491-EB6E-4810-936D-EF669B17E06D}.Release|Any CPU.Build.0 = Release|Any CPU
		{AE50A2E4-107E-4635-9B1B-541566884BEB}.Debug|Any CPU.ActiveCfg = Debug|Any CPU
		{AE50A2E4-107E-4635-9B1B-541566884BEB}.Debug|Any CPU.Build.0 = Debug|Any CPU
		{AE50A2E4-107E-4635-9B1B-541566884BEB}.Release|Any CPU.ActiveCfg = Release|Any CPU
		{AE50A2E4-107E-4635-9B1B-541566884BEB}.Release|Any CPU.Build.0 = Release|Any CPU
		{C881B450-1444-48CA-A3C1-AB71E5996D53}.Debug|Any CPU.ActiveCfg = Debug|Any CPU
		{C881B450-1444-48CA-A3C1-AB71E5996D53}.Debug|Any CPU.Build.0 = Debug|Any CPU
		{C881B450-1444-48CA-A3C1-AB71E5996D53}.Release|Any CPU.ActiveCfg = Release|Any CPU
		{C881B450-1444-48CA-A3C1-AB71E5996D53}.Release|Any CPU.Build.0 = Release|Any CPU
	EndGlobalSection
	GlobalSection(SolutionProperties) = preSolution
		HideSolutionNode = FALSE
	EndGlobalSection
	GlobalSection(NestedProjects) = preSolution
		{F3A72830-CFC2-4FB0-99BC-608D99795C07} = {DFD259D5-0F32-40C9-805E-976D4542EDEB}
		{A61CE8D5-FA96-496A-9911-90D2328CA6E6} = {8DA11766-CAAD-4EDE-B73A-2E413D10E31B}
		{C4DF5825-EA9B-42D1-B51C-29B28D961F33} = {D1FD3E78-8607-4340-B504-2CDA9B54ADDA}
		{5EDB5556-DADF-445C-B980-2AC82C45E75F} = {D1FD3E78-8607-4340-B504-2CDA9B54ADDA}
		{54997C9F-BD18-465E-A8D6-9138C0745FAA} = {AA9EDA9D-FB83-4835-9553-AD1B9CFAAC75}
		{45413491-EB6E-4810-936D-EF669B17E06D} = {AA9EDA9D-FB83-4835-9553-AD1B9CFAAC75}
		{AE50A2E4-107E-4635-9B1B-541566884BEB} = {C1C316E9-3606-4AE6-AFE4-13DE09B30C6F}
		{C881B450-1444-48CA-A3C1-AB71E5996D53} = {C1C316E9-3606-4AE6-AFE4-13DE09B30C6F}
	EndGlobalSection
	GlobalSection(ExtensibilityGlobals) = postSolution
		SolutionGuid = {7C9DFD27-A1C0-4AEF-8FB0-6D1BD6BF303F}
	EndGlobalSection
EndGlobal
